
Microsoft Visual Studio Solution File, Format Version 12.00
# Visual Studio 15
VisualStudioVersion = 15.0.27130.2010
MinimumVisualStudioVersion = 10.0.40219.1
Project("{FAE04EC0-301F-11D3-BF4B-00C04F79EFBC}") = "Hello World", "Hello World\Hello World.csproj", "{8B8DB95B-ACDD-4F08-BB76-1AB444E0F3C1}"
EndProject
Global
	GlobalSection(SolutionConfigurationPlatforms) = preSolution
		Debug|Any CPU = Debug|Any CPU
		Release|Any CPU = Release|Any CPU
	EndGlobalSection
	GlobalSection(ProjectConfigurationPlatforms) = postSolution
		{8B8DB95B-ACDD-4F08-BB76-1AB444E0F3C1}.Debug|Any CPU.ActiveCfg = Debug|Any CPU
		{8B8DB95B-ACDD-4F08-BB76-1AB444E0F3C1}.Debug|Any CPU.Build.0 = Debug|Any CPU
		{8B8DB95B-ACDD-4F08-BB76-1AB444E0F3C1}.Debug|Any CPU.Deploy.0 = Debug|Any CPU
		{8B8DB95B-ACDD-4F08-BB76-1AB444E0F3C1}.Release|Any CPU.ActiveCfg = Release|Any CPU
		{8B8DB95B-ACDD-4F08-BB76-1AB444E0F3C1}.Release|Any CPU.Build.0 = Release|Any CPU
		{8B8DB95B-ACDD-4F08-BB76-1AB444E0F3C1}.Release|Any CPU.Deploy.0 = Release|Any CPU
	EndGlobalSection
	GlobalSection(SolutionProperties) = preSolution
		HideSolutionNode = FALSE
	EndGlobalSection
	GlobalSection(ExtensibilityGlobals) = postSolution
		SolutionGuid = {85ACB3D2-0D25-4784-82FD-82692585981E}
	EndGlobalSection
EndGlobal
